
Microsoft Visual Studio Solution File, Format Version 12.00
# Visual Studio Version 17
VisualStudioVersion = 17.4.33213.308
MinimumVisualStudioVersion = 10.0.40219.1
Project("{FAE04EC0-301F-11D3-BF4B-00C04F79EFBC}") = "WinForms - UI Learning Project", "WinForms - UI Learning Project\WinForms - UI Learning Project.csproj", "{794018D8-3BC9-4967-ADA7-AE472BE400D0}"
EndProject
Global
	GlobalSection(SolutionConfigurationPlatforms) = preSolution
		Debug|Any CPU = Debug|Any CPU
		Release|Any CPU = Release|Any CPU
	EndGlobalSection
	GlobalSection(ProjectConfigurationPlatforms) = postSolution
		{794018D8-3BC9-4967-ADA7-AE472BE400D0}.Debug|Any CPU.ActiveCfg = Debug|Any CPU
		{794018D8-3BC9-4967-ADA7-AE472BE400D0}.Debug|Any CPU.Build.0 = Debug|Any CPU
		{794018D8-3BC9-4967-ADA7-AE472BE400D0}.Release|Any CPU.ActiveCfg = Release|Any CPU
		{794018D8-3BC9-4967-ADA7-AE472BE400D0}.Release|Any CPU.Build.0 = Release|Any CPU
	EndGlobalSection
	GlobalSection(SolutionProperties) = preSolution
		HideSolutionNode = FALSE
	EndGlobalSection
	GlobalSection(ExtensibilityGlobals) = postSolution
		SolutionGuid = {EB6E029D-65D2-46DA-ACE4-225CBB03E0CA}
	EndGlobalSection
EndGlobal
